
Microsoft Visual Studio Solution File, Format Version 12.00
# Visual Studio Version 16
VisualStudioVersion = 16.0.30717.126
MinimumVisualStudioVersion = 10.0.40219.1
Project("{9A19103F-16F7-4668-BE54-9A1E7A4F7556}") = "WebScraperConsoleClient", "WebScraperConsoleClient\WebScraperConsoleClient.csproj", "{37285404-B101-4A98-A426-9EFDA49CAE8D}"
EndProject
Global
	GlobalSection(SolutionConfigurationPlatforms) = preSolution
		Debug|Any CPU = Debug|Any CPU
		Debug|x64 = Debug|x64
		Release|Any CPU = Release|Any CPU
		Release|x64 = Release|x64
	EndGlobalSection
	GlobalSection(ProjectConfigurationPlatforms) = postSolution
		{37285404-B101-4A98-A426-9EFDA49CAE8D}.Debug|Any CPU.ActiveCfg = Debug|x64
		{37285404-B101-4A98-A426-9EFDA49CAE8D}.Debug|Any CPU.Build.0 = Debug|x64
		{37285404-B101-4A98-A426-9EFDA49CAE8D}.Debug|x64.ActiveCfg = Debug|x64
		{37285404-B101-4A98-A426-9EFDA49CAE8D}.Debug|x64.Build.0 = Debug|x64
		{37285404-B101-4A98-A426-9EFDA49CAE8D}.Release|Any CPU.ActiveCfg = Release|Any CPU
		{37285404-B101-4A98-A426-9EFDA49CAE8D}.Release|Any CPU.Build.0 = Release|Any CPU
		{37285404-B101-4A98-A426-9EFDA49CAE8D}.Release|x64.ActiveCfg = Release|x64
		{37285404-B101-4A98-A426-9EFDA49CAE8D}.Release|x64.Build.0 = Release|x64
	EndGlobalSection
	GlobalSection(SolutionProperties) = preSolution
		HideSolutionNode = FALSE
	EndGlobalSection
	GlobalSection(ExtensibilityGlobals) = postSolution
		SolutionGuid = {1ADCF8D8-65A2-4759-9517-E401C6A7CB6B}
	EndGlobalSection
EndGlobal
